
Microsoft Visual Studio Solution File, Format Version 12.00
# Visual Studio Version 16
VisualStudioVersion = 16.0.31729.503
MinimumVisualStudioVersion = 10.0.40219.1
Project("{FAE04EC0-301F-11D3-BF4B-00C04F79EFBC}") = "MyDictionary", "MyDictionary.csproj", "{A8F0F2C7-A8D7-4234-A85F-409EF70CE270}"
EndProject
Global
	GlobalSection(SolutionConfigurationPlatforms) = preSolution
		Debug|Any CPU = Debug|Any CPU
		Release|Any CPU = Release|Any CPU
	EndGlobalSection
	GlobalSection(ProjectConfigurationPlatforms) = postSolution
		{A8F0F2C7-A8D7-4234-A85F-409EF70CE270}.Debug|Any CPU.ActiveCfg = Debug|Any CPU
		{A8F0F2C7-A8D7-4234-A85F-409EF70CE270}.Debug|Any CPU.Build.0 = Debug|Any CPU
		{A8F0F2C7-A8D7-4234-A85F-409EF70CE270}.Release|Any CPU.ActiveCfg = Release|Any CPU
		{A8F0F2C7-A8D7-4234-A85F-409EF70CE270}.Release|Any CPU.Build.0 = Release|Any CPU
	EndGlobalSection
	GlobalSection(SolutionProperties) = preSolution
		HideSolutionNode = FALSE
	EndGlobalSection
	GlobalSection(ExtensibilityGlobals) = postSolution
		SolutionGuid = {A14AE92E-A030-4218-9693-6566898FDA28}
	EndGlobalSection
EndGlobal
