
Microsoft Visual Studio Solution File, Format Version 12.00
# Visual Studio Version 16
VisualStudioVersion = 16.0.31729.503
MinimumVisualStudioVersion = 10.0.40219.1
Project("{FAE04EC0-301F-11D3-BF4B-00C04F79EFBC}") = "ClassMetotDemo", "ClassMetotDemo.csproj", "{3FE3DE68-B3E2-4DF1-B519-32476E32AA34}"
EndProject
Global
	GlobalSection(SolutionConfigurationPlatforms) = preSolution
		Debug|Any CPU = Debug|Any CPU
		Release|Any CPU = Release|Any CPU
	EndGlobalSection
	GlobalSection(ProjectConfigurationPlatforms) = postSolution
		{3FE3DE68-B3E2-4DF1-B519-32476E32AA34}.Debug|Any CPU.ActiveCfg = Debug|Any CPU
		{3FE3DE68-B3E2-4DF1-B519-32476E32AA34}.Debug|Any CPU.Build.0 = Debug|Any CPU
		{3FE3DE68-B3E2-4DF1-B519-32476E32AA34}.Release|Any CPU.ActiveCfg = Release|Any CPU
		{3FE3DE68-B3E2-4DF1-B519-32476E32AA34}.Release|Any CPU.Build.0 = Release|Any CPU
	EndGlobalSection
	GlobalSection(SolutionProperties) = preSolution
		HideSolutionNode = FALSE
	EndGlobalSection
	GlobalSection(ExtensibilityGlobals) = postSolution
		SolutionGuid = {A10DA1F3-8EF2-481B-889F-151D78747604}
	EndGlobalSection
EndGlobal
